
Microsoft Visual Studio Solution File, Format Version 12.00
# Visual Studio Version 17
VisualStudioVersion = 17.1.32319.34
MinimumVisualStudioVersion = 10.0.40219.1
Project("{9A19103F-16F7-4668-BE54-9A1E7A4F7556}") = "SynthesisEntities", "SynthesisEntities\SynthesisEntities.csproj", "{E58162AE-17C1-48D2-982F-D84527DDBDEF}"
EndProject
Project("{9A19103F-16F7-4668-BE54-9A1E7A4F7556}") = "SynthesisDataLayer", "SynthesisDataLayer\SynthesisDataLayer.csproj", "{52AE7D59-7EED-4F4F-9544-A6D7586F5D7A}"
EndProject
Project("{9A19103F-16F7-4668-BE54-9A1E7A4F7556}") = "SynthesisLogic", "SynthesisLogic\SynthesisLogic.csproj", "{540700FB-EF96-4AC4-8E94-AA696BC4AD66}"
EndProject
Project("{9A19103F-16F7-4668-BE54-9A1E7A4F7556}") = "Webshop", "Webshop.csproj\Webshop.csproj", "{D5C713DA-FA10-40CC-A9E2-EE2BA2DD80FF}"
EndProject
Project("{9A19103F-16F7-4668-BE54-9A1E7A4F7556}") = "RobertHeijn Desktop", "RobertHeijn Desktop\RobertHeijn Desktop.csproj", "{9EEE6350-78FD-4167-8B2E-7AAD86988062}"
EndProject
Project("{FAE04EC0-301F-11D3-BF4B-00C04F79EFBC}") = "SynthesisUnitTests", "SynthesisUnitTests\SynthesisUnitTests.csproj", "{E05C16C5-86BD-4650-8760-677044BDC427}"
EndProject
Global
	GlobalSection(SolutionConfigurationPlatforms) = preSolution
		Debug|Any CPU = Debug|Any CPU
		Release|Any CPU = Release|Any CPU
	EndGlobalSection
	GlobalSection(ProjectConfigurationPlatforms) = postSolution
		{E58162AE-17C1-48D2-982F-D84527DDBDEF}.Debug|Any CPU.ActiveCfg = Debug|Any CPU
		{E58162AE-17C1-48D2-982F-D84527DDBDEF}.Debug|Any CPU.Build.0 = Debug|Any CPU
		{E58162AE-17C1-48D2-982F-D84527DDBDEF}.Release|Any CPU.ActiveCfg = Release|Any CPU
		{E58162AE-17C1-48D2-982F-D84527DDBDEF}.Release|Any CPU.Build.0 = Release|Any CPU
		{52AE7D59-7EED-4F4F-9544-A6D7586F5D7A}.Debug|Any CPU.ActiveCfg = Debug|Any CPU
		{52AE7D59-7EED-4F4F-9544-A6D7586F5D7A}.Debug|Any CPU.Build.0 = Debug|Any CPU
		{52AE7D59-7EED-4F4F-9544-A6D7586F5D7A}.Release|Any CPU.ActiveCfg = Release|Any CPU
		{52AE7D59-7EED-4F4F-9544-A6D7586F5D7A}.Release|Any CPU.Build.0 = Release|Any CPU
		{540700FB-EF96-4AC4-8E94-AA696BC4AD66}.Debug|Any CPU.ActiveCfg = Debug|Any CPU
		{540700FB-EF96-4AC4-8E94-AA696BC4AD66}.Debug|Any CPU.Build.0 = Debug|Any CPU
		{540700FB-EF96-4AC4-8E94-AA696BC4AD66}.Release|Any CPU.ActiveCfg = Release|Any CPU
		{540700FB-EF96-4AC4-8E94-AA696BC4AD66}.Release|Any CPU.Build.0 = Release|Any CPU
		{D5C713DA-FA10-40CC-A9E2-EE2BA2DD80FF}.Debug|Any CPU.ActiveCfg = Debug|Any CPU
		{D5C713DA-FA10-40CC-A9E2-EE2BA2DD80FF}.Debug|Any CPU.Build.0 = Debug|Any CPU
		{D5C713DA-FA10-40CC-A9E2-EE2BA2DD80FF}.Release|Any CPU.ActiveCfg = Release|Any CPU
		{D5C713DA-FA10-40CC-A9E2-EE2BA2DD80FF}.Release|Any CPU.Build.0 = Release|Any CPU
		{9EEE6350-78FD-4167-8B2E-7AAD86988062}.Debug|Any CPU.ActiveCfg = Debug|Any CPU
		{9EEE6350-78FD-4167-8B2E-7AAD86988062}.Debug|Any CPU.Build.0 = Debug|Any CPU
		{9EEE6350-78FD-4167-8B2E-7AAD86988062}.Release|Any CPU.ActiveCfg = Release|Any CPU
		{9EEE6350-78FD-4167-8B2E-7AAD86988062}.Release|Any CPU.Build.0 = Release|Any CPU
		{E05C16C5-86BD-4650-8760-677044BDC427}.Debug|Any CPU.ActiveCfg = Debug|Any CPU
		{E05C16C5-86BD-4650-8760-677044BDC427}.Debug|Any CPU.Build.0 = Debug|Any CPU
		{E05C16C5-86BD-4650-8760-677044BDC427}.Release|Any CPU.ActiveCfg = Release|Any CPU
		{E05C16C5-86BD-4650-8760-677044BDC427}.Release|Any CPU.Build.0 = Release|Any CPU
	EndGlobalSection
	GlobalSection(SolutionProperties) = preSolution
		HideSolutionNode = FALSE
	EndGlobalSection
	GlobalSection(ExtensibilityGlobals) = postSolution
		SolutionGuid = {1498E789-24F5-4FC8-A24A-7F893EA60B6E}
	EndGlobalSection
EndGlobal
